
Microsoft Visual Studio Solution File, Format Version 12.00
# Visual Studio Version 16
VisualStudioVersion = 16.0.32428.217
MinimumVisualStudioVersion = 10.0.40219.1
Project("{FAE04EC0-301F-11D3-BF4B-00C04F79EFBC}") = "EstructuraLineal_Lista", "EstructuraLineal_Lista\EstructuraLineal_Lista.csproj", "{BB781C0E-0373-45BE-BF6D-B3A544B3278B}"
EndProject
Global
	GlobalSection(SolutionConfigurationPlatforms) = preSolution
		Debug|Any CPU = Debug|Any CPU
		Release|Any CPU = Release|Any CPU
	EndGlobalSection
	GlobalSection(ProjectConfigurationPlatforms) = postSolution
		{BB781C0E-0373-45BE-BF6D-B3A544B3278B}.Debug|Any CPU.ActiveCfg = Debug|Any CPU
		{BB781C0E-0373-45BE-BF6D-B3A544B3278B}.Debug|Any CPU.Build.0 = Debug|Any CPU
		{BB781C0E-0373-45BE-BF6D-B3A544B3278B}.Release|Any CPU.ActiveCfg = Release|Any CPU
		{BB781C0E-0373-45BE-BF6D-B3A544B3278B}.Release|Any CPU.Build.0 = Release|Any CPU
	EndGlobalSection
	GlobalSection(SolutionProperties) = preSolution
		HideSolutionNode = FALSE
	EndGlobalSection
	GlobalSection(ExtensibilityGlobals) = postSolution
		SolutionGuid = {A532D85E-6C45-44A5-BE4F-CE0BFC25863E}
	EndGlobalSection
EndGlobal
